DEPENDENCIES
  mongo
    git: git@github.com:AIUshedo/mongo-cookbook.git
    revision: 39f511def55f35bb4ac1500fd8f4c6f294a98b56
  node
    git: git@github.com:AIUshedo/node-cookbook.git
    revision: 19cf7d45abb36b81630ad5b55d6d2df604b2c21b

GRAPH
  apt (7.1.1)
  ark (4.0.0)
    build-essential (>= 0.0.0)
    seven_zip (>= 0.0.0)
  build-essential (8.2.1)
    mingw (>= 1.1)
    seven_zip (>= 0.0.0)
  mingw (2.1.0)
    seven_zip (>= 0.0.0)
  mongo (0.1.0)
    apt (>= 0.0.0)
  node (0.1.0)
    apt (>= 0.0.0)
    nodejs (~> 5.0.0)
  nodejs (5.0.0)
    ark (>= 2.0.2)
    build-essential (>= 0.0.0)
  seven_zip (3.1.0)
    windows (>= 0.0.0)
  windows (5.2.3)
